
Microsoft Visual Studio Solution File, Format Version 12.00
# Visual Studio Version 16
VisualStudioVersion = 16.0.30621.155
MinimumVisualStudioVersion = 10.0.40219.1
Project("{FAE04EC0-301F-11D3-BF4B-00C04F79EFBC}") = "personelkayit", "personelkayit\personelkayit.csproj", "{DF4DE7F6-0155-4177-A8B1-99B608F7B58E}"
EndProject
Global
	GlobalSection(SolutionConfigurationPlatforms) = preSolution
		Debug|Any CPU = Debug|Any CPU
		Release|Any CPU = Release|Any CPU
	EndGlobalSection
	GlobalSection(ProjectConfigurationPlatforms) = postSolution
		{DF4DE7F6-0155-4177-A8B1-99B608F7B58E}.Debug|Any CPU.ActiveCfg = Debug|Any CPU
		{DF4DE7F6-0155-4177-A8B1-99B608F7B58E}.Debug|Any CPU.Build.0 = Debug|Any CPU
		{DF4DE7F6-0155-4177-A8B1-99B608F7B58E}.Release|Any CPU.ActiveCfg = Release|Any CPU
		{DF4DE7F6-0155-4177-A8B1-99B608F7B58E}.Release|Any CPU.Build.0 = Release|Any CPU
	EndGlobalSection
	GlobalSection(SolutionProperties) = preSolution
		HideSolutionNode = FALSE
	EndGlobalSection
	GlobalSection(ExtensibilityGlobals) = postSolution
		SolutionGuid = {A460D71D-EB12-4894-8B76-38943BC43847}
	EndGlobalSection
EndGlobal
